
Microsoft Visual Studio Solution File, Format Version 10.00
# Visual Studio 2008
Project("{F184B08F-C81C-45F6-A57F-5ABD9991F28F}") = "ServiceEngine", "ServiceEngine\ServiceEngine.vbproj", "{2FE11F43-5CAD-4817-A90E-8089D35FAB70}"
EndProject
Project("{F184B08F-C81C-45F6-A57F-5ABD9991F28F}") = "ServiceUI", "ServiceUI\ServiceUI.vbproj", "{B4EB4008-F0DC-4F06-BB2D-556A52245F2B}"
EndProject
Project("{F184B08F-C81C-45F6-A57F-5ABD9991F28F}") = "ServiceShared", "ServiceShared\ServiceShared.vbproj", "{96287573-0657-4199-AEE1-162491E9ADEA}"
EndProject
Project("{F184B08F-C81C-45F6-A57F-5ABD9991F28F}") = "ServiceStartup", "ServiceStartup\ServiceStartup.vbproj", "{1817DCBE-E53F-4946-BF41-5D0D589E9A83}"
EndProject
Global
	GlobalSection(SolutionConfigurationPlatforms) = preSolution
		Debug|Any CPU = Debug|Any CPU
		Debug|x86 = Debug|x86
		Release|Any CPU = Release|Any CPU
		Release|x86 = Release|x86
	EndGlobalSection
	GlobalSection(ProjectConfigurationPlatforms) = postSolution
		{2FE11F43-5CAD-4817-A90E-8089D35FAB70}.Debug|Any CPU.ActiveCfg = Debug|x86
		{2FE11F43-5CAD-4817-A90E-8089D35FAB70}.Debug|Any CPU.Build.0 = Debug|x86
		{2FE11F43-5CAD-4817-A90E-8089D35FAB70}.Debug|x86.ActiveCfg = Debug|x86
		{2FE11F43-5CAD-4817-A90E-8089D35FAB70}.Debug|x86.Build.0 = Debug|x86
		{2FE11F43-5CAD-4817-A90E-8089D35FAB70}.Release|Any CPU.ActiveCfg = Release|x86
		{2FE11F43-5CAD-4817-A90E-8089D35FAB70}.Release|Any CPU.Build.0 = Release|x86
		{2FE11F43-5CAD-4817-A90E-8089D35FAB70}.Release|x86.ActiveCfg = Release|x86
		{2FE11F43-5CAD-4817-A90E-8089D35FAB70}.Release|x86.Build.0 = Release|x86
		{B4EB4008-F0DC-4F06-BB2D-556A52245F2B}.Debug|Any CPU.ActiveCfg = Debug|x86
		{B4EB4008-F0DC-4F06-BB2D-556A52245F2B}.Debug|Any CPU.Build.0 = Debug|x86
		{B4EB4008-F0DC-4F06-BB2D-556A52245F2B}.Debug|x86.ActiveCfg = Debug|x86
		{B4EB4008-F0DC-4F06-BB2D-556A52245F2B}.Debug|x86.Build.0 = Debug|x86
		{B4EB4008-F0DC-4F06-BB2D-556A52245F2B}.Release|Any CPU.ActiveCfg = Release|x86
		{B4EB4008-F0DC-4F06-BB2D-556A52245F2B}.Release|Any CPU.Build.0 = Release|x86
		{B4EB4008-F0DC-4F06-BB2D-556A52245F2B}.Release|x86.ActiveCfg = Release|x86
		{B4EB4008-F0DC-4F06-BB2D-556A52245F2B}.Release|x86.Build.0 = Release|x86
		{96287573-0657-4199-AEE1-162491E9ADEA}.Debug|Any CPU.ActiveCfg = Debug|x86
		{96287573-0657-4199-AEE1-162491E9ADEA}.Debug|Any CPU.Build.0 = Debug|x86
		{96287573-0657-4199-AEE1-162491E9ADEA}.Debug|x86.ActiveCfg = Debug|x86
		{96287573-0657-4199-AEE1-162491E9ADEA}.Debug|x86.Build.0 = Debug|x86
		{96287573-0657-4199-AEE1-162491E9ADEA}.Release|Any CPU.ActiveCfg = Release|x86
		{96287573-0657-4199-AEE1-162491E9ADEA}.Release|Any CPU.Build.0 = Release|x86
		{96287573-0657-4199-AEE1-162491E9ADEA}.Release|x86.ActiveCfg = Release|x86
		{96287573-0657-4199-AEE1-162491E9ADEA}.Release|x86.Build.0 = Release|x86
		{1817DCBE-E53F-4946-BF41-5D0D589E9A83}.Debug|Any CPU.ActiveCfg = Debug|x86
		{1817DCBE-E53F-4946-BF41-5D0D589E9A83}.Debug|Any CPU.Build.0 = Debug|x86
		{1817DCBE-E53F-4946-BF41-5D0D589E9A83}.Debug|x86.ActiveCfg = Debug|x86
		{1817DCBE-E53F-4946-BF41-5D0D589E9A83}.Debug|x86.Build.0 = Debug|x86
		{1817DCBE-E53F-4946-BF41-5D0D589E9A83}.Release|Any CPU.ActiveCfg = Release|x86
		{1817DCBE-E53F-4946-BF41-5D0D589E9A83}.Release|Any CPU.Build.0 = Release|x86
		{1817DCBE-E53F-4946-BF41-5D0D589E9A83}.Release|x86.ActiveCfg = Release|x86
		{1817DCBE-E53F-4946-BF41-5D0D589E9A83}.Release|x86.Build.0 = Release|x86
	EndGlobalSection
	GlobalSection(SolutionProperties) = preSolution
		HideSolutionNode = FALSE
	EndGlobalSection
	GlobalSection(ExtensibilityGlobals) = postSolution
		VisualSVNWorkingCopyRoot = .
	EndGlobalSection
EndGlobal
